// !$*UTF8*$!
{
	archiveVersion = 1;
	classes = {
	};
	objectVersion = 46;
	objects = {

/* Begin PBXBuildFile section */
		14BDC8351BF28BC20073F455 /* AVFoundation.framework in Frameworks */ = {isa = PBXBuildFile; fileRef = 14BDC8341BF28BC20073F455 /* AVFoundation.framework */; };
		14BDC8371BF28BC90073F455 /* SystemConfiguration.framework in Frameworks */ = {isa = PBXBuildFile; fileRef = 14BDC8361BF28BC90073F455 /* SystemConfiguration.framework */; };
		14BDC83C1BF293620073F455 /* Spotify.framework in Frameworks */ = {isa = PBXBuildFile; fileRef = 14BDC83B1BF293620073F455 /* Spotify.framework */; };
		14BDC8421BF51F140073F455 /* Song.swift in Sources */ = {isa = PBXBuildFile; fileRef = 14BDC8411BF51F140073F455 /* Song.swift */; };
		14F90BF41BF5255F00B0B374 /* SongSearchViewController.xib in Resources */ = {isa = PBXBuildFile; fileRef = 14F90BF21BF5255F00B0B374 /* SongSearchViewController.xib */; };
		14F90BF51BF5255F00B0B374 /* SongSearchViewController.swift in Sources */ = {isa = PBXBuildFile; fileRef = 14F90BF31BF5255F00B0B374 /* SongSearchViewController.swift */; };
		21FCE77A92E181AB102F1D51 /* Pods_Tunely_Demo.framework in Frameworks */ = {isa = PBXBuildFile; fileRef = DBAC6CE0561895928CA53A5B /* Pods_Tunely_Demo.framework */; };
		6E908C2E1BD1B5C400CA2744 /* FBSDKCoreKit.framework in Frameworks */ = {isa = PBXBuildFile; fileRef = 6E908C2B1BD1B5C400CA2744 /* FBSDKCoreKit.framework */; };
		6E908C2F1BD1B5C400CA2744 /* FBSDKLoginKit.framework in Frameworks */ = {isa = PBXBuildFile; fileRef = 6E908C2C1BD1B5C400CA2744 /* FBSDKLoginKit.framework */; };
		6E908C301BD1B5C400CA2744 /* FBSDKShareKit.framework in Frameworks */ = {isa = PBXBuildFile; fileRef = 6E908C2D1BD1B5C400CA2744 /* FBSDKShareKit.framework */; };
		6EA1EEAD1BD0B77D00E83778 /* AppDelegate.swift in Sources */ = {isa = PBXBuildFile; fileRef = 6EA1EEAC1BD0B77D00E83778 /* AppDelegate.swift */; };
		6EA1EEAF1BD0B77D00E83778 /* ViewController.swift in Sources */ = {isa = PBXBuildFile; fileRef = 6EA1EEAE1BD0B77D00E83778 /* ViewController.swift */; };
		6EA1EEB21BD0B77D00E83778 /* Main.storyboard in Resources */ = {isa = PBXBuildFile; fileRef = 6EA1EEB01BD0B77D00E83778 /* Main.storyboard */; };
		6EA1EEB41BD0B77D00E83778 /* Assets.xcassets in Resources */ = {isa = PBXBuildFile; fileRef = 6EA1EEB31BD0B77D00E83778 /* Assets.xcassets */; };
		6EA1EEB71BD0B77D00E83778 /* LaunchScreen.storyboard in Resources */ = {isa = PBXBuildFile; fileRef = 6EA1EEB51BD0B77D00E83778 /* LaunchScreen.storyboard */; };
		6EA1EEC21BD0B77D00E83778 /* Tunely_DemoTests.swift in Sources */ = {isa = PBXBuildFile; fileRef = 6EA1EEC11BD0B77D00E83778 /* Tunely_DemoTests.swift */; };
		94738CA21BD2FD4A00161C9D /* SideBarTableViewController.swift in Sources */ = {isa = PBXBuildFile; fileRef = 94738CA01BD2FD4A00161C9D /* SideBarTableViewController.swift */; };
		94738CA31BD2FD4A00161C9D /* SideBarTableViewController.xib in Resources */ = {isa = PBXBuildFile; fileRef = 94738CA11BD2FD4A00161C9D /* SideBarTableViewController.xib */; };
		94D1578E1BE851E10048BAF8 /* HostViewController.swift in Sources */ = {isa = PBXBuildFile; fileRef = 94D1578C1BE851E10048BAF8 /* HostViewController.swift */; };
		94D1578F1BE851E10048BAF8 /* HostViewController.xib in Resources */ = {isa = PBXBuildFile; fileRef = 94D1578D1BE851E10048BAF8 /* HostViewController.xib */; };
		94D157921BE86AFD0048BAF8 /* JoinViewController.swift in Sources */ = {isa = PBXBuildFile; fileRef = 94D157901BE86AFD0048BAF8 /* JoinViewController.swift */; };
		94D157931BE86AFD0048BAF8 /* JoinViewController.xib in Resources */ = {isa = PBXBuildFile; fileRef = 94D157911BE86AFD0048BAF8 /* JoinViewController.xib */; };
		94D157961BE935C90048BAF8 /* StreamViewController.swift in Sources */ = {isa = PBXBuildFile; fileRef = 94D157941BE935C90048BAF8 /* StreamViewController.swift */; };
		94D157971BE935C90048BAF8 /* StreamViewController.xib in Resources */ = {isa = PBXBuildFile; fileRef = 94D157951BE935C90048BAF8 /* StreamViewController.xib */; };
		CBA0B664E109E28A5F82E6FF /* Pods.framework in Frameworks */ = {isa = PBXBuildFile; fileRef = 0B6F901B2C7C0B4D2335DA3A /* Pods.framework */; };
/* End PBXBuildFile section */

/* Begin PBXContainerItemProxy section */
		6EA1EEBE1BD0B77D00E83778 /* PBXContainerItemProxy */ = {
			isa = PBXContainerItemProxy;
			containerPortal = 6EA1EEA11BD0B77D00E83778 /* Project object */;
			proxyType = 1;
			remoteGlobalIDString = 6EA1EEA81BD0B77D00E83778;
			remoteInfo = "Tunely-Demo";
		};
/* End PBXContainerItemProxy section */

/* Begin PBXFileReference section */
		0979AB6C2E20C9EFC1A8FB07 /* Pods.debug.xcconfig */ = {isa = PBXFileReference; includeInIndex = 1; lastKnownFileType = text.xcconfig; name = Pods.debug.xcconfig; path = "Pods/Target Support Files/Pods/Pods.debug.xcconfig"; sourceTree = "<group>"; };
		0B6F901B2C7C0B4D2335DA3A /* Pods.framework */ = {isa = PBXFileReference; explicitFileType = wrapper.framework; includeInIndex = 0; path = Pods.framework; sourceTree = BUILT_PRODUCTS_DIR; };
		14BDC8341BF28BC20073F455 /* AVFoundation.framework */ = {isa = PBXFileReference; lastKnownFileType = wrapper.framework; name = AVFoundation.framework; path = System/Library/Frameworks/AVFoundation.framework; sourceTree = SDKROOT; };
		14BDC8361BF28BC90073F455 /* SystemConfiguration.framework */ = {isa = PBXFileReference; lastKnownFileType = wrapper.framework; name = SystemConfiguration.framework; path = System/Library/Frameworks/SystemConfiguration.framework; sourceTree = SDKROOT; };
		14BDC83B1BF293620073F455 /* Spotify.framework */ = {isa = PBXFileReference; lastKnownFileType = wrapper.framework; name = Spotify.framework; path = ../SpotifyTesting/SpotifyTesting/Frameworks/Spotify.framework; sourceTree = "<group>"; };
		14BDC8411BF51F140073F455 /* Song.swift */ = {isa = PBXFileReference; fileEncoding = 4; lastKnownFileType = sourcecode.swift; path = Song.swift; sourceTree = "<group>"; };
		14F90BF21BF5255F00B0B374 /* SongSearchViewController.xib */ = {isa = PBXFileReference; fileEncoding = 4; lastKnownFileType = file.xib; path = SongSearchViewController.xib; sourceTree = "<group>"; };
		14F90BF31BF5255F00B0B374 /* SongSearchViewController.swift */ = {isa = PBXFileReference; fileEncoding = 4; lastKnownFileType = sourcecode.swift; path = SongSearchViewController.swift; sourceTree = "<group>"; };
		6E908C2B1BD1B5C400CA2744 /* FBSDKCoreKit.framework */ = {isa = PBXFileReference; lastKnownFileType = wrapper.framework; path = FBSDKCoreKit.framework; sourceTree = "<group>"; };
		6E908C2C1BD1B5C400CA2744 /* FBSDKLoginKit.framework */ = {isa = PBXFileReference; lastKnownFileType = wrapper.framework; path = FBSDKLoginKit.framework; sourceTree = "<group>"; };
		6E908C2D1BD1B5C400CA2744 /* FBSDKShareKit.framework */ = {isa = PBXFileReference; lastKnownFileType = wrapper.framework; path = FBSDKShareKit.framework; sourceTree = "<group>"; };
		6EA1EEA91BD0B77D00E83778 /* Tunely-Demo.app */ = {isa = PBXFileReference; explicitFileType = wrapper.application; includeInIndex = 0; path = "Tunely-Demo.app"; sourceTree = BUILT_PRODUCTS_DIR; };
		6EA1EEAC1BD0B77D00E83778 /* AppDelegate.swift */ = {isa = PBXFileReference; lastKnownFileType = sourcecode.swift; path = AppDelegate.swift; sourceTree = "<group>"; };
		6EA1EEAE1BD0B77D00E83778 /* ViewController.swift */ = {isa = PBXFileReference; lastKnownFileType = sourcecode.swift; path = ViewController.swift; sourceTree = "<group>"; };
		6EA1EEB11BD0B77D00E83778 /* Base */ = {isa = PBXFileReference; lastKnownFileType = file.storyboard; name = Base; path = Base.lproj/Main.storyboard; sourceTree = "<group>"; };
		6EA1EEB31BD0B77D00E83778 /* Assets.xcassets */ = {isa = PBXFileReference; lastKnownFileType = folder.assetcatalog; path = Assets.xcassets; sourceTree = "<group>"; };
		6EA1EEB61BD0B77D00E83778 /* Base */ = {isa = PBXFileReference; lastKnownFileType = file.storyboard; name = Base; path = Base.lproj/LaunchScreen.storyboard; sourceTree = "<group>"; };
		6EA1EEB81BD0B77D00E83778 /* Info.plist */ = {isa = PBXFileReference; lastKnownFileType = text.plist.xml; path = Info.plist; sourceTree = "<group>"; };
		6EA1EEBD1BD0B77D00E83778 /* Tunely-DemoTests.xctest */ = {isa = PBXFileReference; explicitFileType = wrapper.cfbundle; includeInIndex = 0; path = "Tunely-DemoTests.xctest"; sourceTree = BUILT_PRODUCTS_DIR; };
		6EA1EEC11BD0B77D00E83778 /* Tunely_DemoTests.swift */ = {isa = PBXFileReference; lastKnownFileType = sourcecode.swift; path = Tunely_DemoTests.swift; sourceTree = "<group>"; };
		6EA1EEC31BD0B77D00E83778 /* Info.plist */ = {isa = PBXFileReference; lastKnownFileType = text.plist.xml; path = Info.plist; sourceTree = "<group>"; };
		6EA1EED31BD0B87700E83778 /* Tunely-Demo-Bridging-Header.h */ = {isa = PBXFileReference; lastKnownFileType = sourcecode.c.h; path = "Tunely-Demo-Bridging-Header.h"; sourceTree = "<group>"; };
		94738CA01BD2FD4A00161C9D /* SideBarTableViewController.swift */ = {isa = PBXFileReference; fileEncoding = 4; lastKnownFileType = sourcecode.swift; path = SideBarTableViewController.swift; sourceTree = "<group>"; };
		94738CA11BD2FD4A00161C9D /* SideBarTableViewController.xib */ = {isa = PBXFileReference; fileEncoding = 4; lastKnownFileType = file.xib; path = SideBarTableViewController.xib; sourceTree = "<group>"; };
		94D1578C1BE851E10048BAF8 /* HostViewController.swift */ = {isa = PBXFileReference; fileEncoding = 4; lastKnownFileType = sourcecode.swift; path = HostViewController.swift; sourceTree = "<group>"; };
		94D1578D1BE851E10048BAF8 /* HostViewController.xib */ = {isa = PBXFileReference; fileEncoding = 4; lastKnownFileType = file.xib; path = HostViewController.xib; sourceTree = "<group>"; };
		94D157901BE86AFD0048BAF8 /* JoinViewController.swift */ = {isa = PBXFileReference; fileEncoding = 4; lastKnownFileType = sourcecode.swift; path = JoinViewController.swift; sourceTree = "<group>"; };
		94D157911BE86AFD0048BAF8 /* JoinViewController.xib */ = {isa = PBXFileReference; fileEncoding = 4; lastKnownFileType = file.xib; path = JoinViewController.xib; sourceTree = "<group>"; };
		94D157941BE935C90048BAF8 /* StreamViewController.swift */ = {isa = PBXFileReference; fileEncoding = 4; lastKnownFileType = sourcecode.swift; path = StreamViewController.swift; sourceTree = "<group>"; };
		94D157951BE935C90048BAF8 /* StreamViewController.xib */ = {isa = PBXFileReference; fileEncoding = 4; lastKnownFileType = file.xib; path = StreamViewController.xib; sourceTree = "<group>"; };
		967705211503F9E1EEE7A0F8 /* Pods.release.xcconfig */ = {isa = PBXFileReference; includeInIndex = 1; lastKnownFileType = text.xcconfig; name = Pods.release.xcconfig; path = "Pods/Target Support Files/Pods/Pods.release.xcconfig"; sourceTree = "<group>"; };
		DBAC6CE0561895928CA53A5B /* Pods_Tunely_Demo.framework */ = {isa = PBXFileReference; explicitFileType = wrapper.framework; includeInIndex = 0; path = Pods_Tunely_Demo.framework; sourceTree = BUILT_PRODUCTS_DIR; };
/* End PBXFileReference section */

/* Begin PBXFrameworksBuildPhase section */
		6EA1EEA61BD0B77D00E83778 /* Frameworks */ = {
			isa = PBXFrameworksBuildPhase;
			buildActionMask = 2147483647;
			files = (
				14BDC8371BF28BC90073F455 /* SystemConfiguration.framework in Frameworks */,
				14BDC8351BF28BC20073F455 /* AVFoundation.framework in Frameworks */,
				6E908C2F1BD1B5C400CA2744 /* FBSDKLoginKit.framework in Frameworks */,
				14BDC83C1BF293620073F455 /* Spotify.framework in Frameworks */,
				6E908C2E1BD1B5C400CA2744 /* FBSDKCoreKit.framework in Frameworks */,
				6E908C301BD1B5C400CA2744 /* FBSDKShareKit.framework in Frameworks */,
				CBA0B664E109E28A5F82E6FF /* Pods.framework in Frameworks */,
				21FCE77A92E181AB102F1D51 /* Pods_Tunely_Demo.framework in Frameworks */,
			);
			runOnlyForDeploymentPostprocessing = 0;
		};
		6EA1EEBA1BD0B77D00E83778 /* Frameworks */ = {
			isa = PBXFrameworksBuildPhase;
			buildActionMask = 2147483647;
			files = (
			);
			runOnlyForDeploymentPostprocessing = 0;
		};
/* End PBXFrameworksBuildPhase section */

/* Begin PBXGroup section */
		0250BC0B09869FCD976B9BE6 /* Pods */ = {
			isa = PBXGroup;
			children = (
				0979AB6C2E20C9EFC1A8FB07 /* Pods.debug.xcconfig */,
				967705211503F9E1EEE7A0F8 /* Pods.release.xcconfig */,
			);
			name = Pods;
			sourceTree = "<group>";
		};
		6E908C291BD1B58300CA2744 /* Frameworks */ = {
			isa = PBXGroup;
			children = (
				14BDC83B1BF293620073F455 /* Spotify.framework */,
				14BDC8361BF28BC90073F455 /* SystemConfiguration.framework */,
				14BDC8341BF28BC20073F455 /* AVFoundation.framework */,
				6E908C2B1BD1B5C400CA2744 /* FBSDKCoreKit.framework */,
				6E908C2C1BD1B5C400CA2744 /* FBSDKLoginKit.framework */,
				6E908C2D1BD1B5C400CA2744 /* FBSDKShareKit.framework */,
				0B6F901B2C7C0B4D2335DA3A /* Pods.framework */,
				DBAC6CE0561895928CA53A5B /* Pods_Tunely_Demo.framework */,
			);
			name = Frameworks;
			sourceTree = "<group>";
		};
		6EA1EEA01BD0B77D00E83778 = {
			isa = PBXGroup;
			children = (
				6E908C291BD1B58300CA2744 /* Frameworks */,
				6EA1EEAB1BD0B77D00E83778 /* Tunely-Demo */,
				6EA1EEC01BD0B77D00E83778 /* Tunely-DemoTests */,
				6EA1EEAA1BD0B77D00E83778 /* Products */,
				0250BC0B09869FCD976B9BE6 /* Pods */,
			);
			sourceTree = "<group>";
		};
		6EA1EEAA1BD0B77D00E83778 /* Products */ = {
			isa = PBXGroup;
			children = (
				6EA1EEA91BD0B77D00E83778 /* Tunely-Demo.app */,
				6EA1EEBD1BD0B77D00E83778 /* Tunely-DemoTests.xctest */,
			);
			name = Products;
			sourceTree = "<group>";
		};
		6EA1EEAB1BD0B77D00E83778 /* Tunely-Demo */ = {
			isa = PBXGroup;
			children = (
				14F90BF21BF5255F00B0B374 /* SongSearchViewController.xib */,
				14F90BF31BF5255F00B0B374 /* SongSearchViewController.swift */,
				6EA1EEB01BD0B77D00E83778 /* Main.storyboard */,
				6EA1EEAC1BD0B77D00E83778 /* AppDelegate.swift */,
				6EA1EEAE1BD0B77D00E83778 /* ViewController.swift */,
				94738CA01BD2FD4A00161C9D /* SideBarTableViewController.swift */,
				94738CA11BD2FD4A00161C9D /* SideBarTableViewController.xib */,
				94D1578C1BE851E10048BAF8 /* HostViewController.swift */,
				94D1578D1BE851E10048BAF8 /* HostViewController.xib */,
				94D157941BE935C90048BAF8 /* StreamViewController.swift */,
				94D157951BE935C90048BAF8 /* StreamViewController.xib */,
				14BDC8411BF51F140073F455 /* Song.swift */,
				94D157901BE86AFD0048BAF8 /* JoinViewController.swift */,
				94D157911BE86AFD0048BAF8 /* JoinViewController.xib */,
				94672BB11BD601BB00764E88 /* Resources */,
				6EA1EEB31BD0B77D00E83778 /* Assets.xcassets */,
				6EA1EEB51BD0B77D00E83778 /* LaunchScreen.storyboard */,
				6EA1EEB81BD0B77D00E83778 /* Info.plist */,
				6EA1EED31BD0B87700E83778 /* Tunely-Demo-Bridging-Header.h */,
			);
			path = "Tunely-Demo";
			sourceTree = "<group>";
		};
		6EA1EEC01BD0B77D00E83778 /* Tunely-DemoTests */ = {
			isa = PBXGroup;
			children = (
				6EA1EEC11BD0B77D00E83778 /* Tunely_DemoTests.swift */,
				6EA1EEC31BD0B77D00E83778 /* Info.plist */,
			);
			path = "Tunely-DemoTests";
			sourceTree = "<group>";
		};
		94672BB11BD601BB00764E88 /* Resources */ = {
			isa = PBXGroup;
			children = (
			);
			name = Resources;
			sourceTree = "<group>";
		};
/* End PBXGroup section */

/* Begin PBXNativeTarget section */
		6EA1EEA81BD0B77D00E83778 /* Tunely-Demo */ = {
			isa = PBXNativeTarget;
			buildConfigurationList = 6EA1EEC61BD0B77D00E83778 /* Build configuration list for PBXNativeTarget "Tunely-Demo" */;
			buildPhases = (
				F442D8590D0FB39977C4C1DA /* Check Pods Manifest.lock */,
				6EA1EEA51BD0B77D00E83778 /* Sources */,
				6EA1EEA61BD0B77D00E83778 /* Frameworks */,
				6EA1EEA71BD0B77D00E83778 /* Resources */,
				A681DA5EFCA45E6B6C4FDB52 /* Embed Pods Frameworks */,
				F6C5D775C1C507B1F79CE6DC /* Copy Pods Resources */,
			);
			buildRules = (
			);
			dependencies = (
			);
			name = "Tunely-Demo";
			productName = "Tunely-Demo";
			productReference = 6EA1EEA91BD0B77D00E83778 /* Tunely-Demo.app */;
			productType = "com.apple.product-type.application";
		};
		6EA1EEBC1BD0B77D00E83778 /* Tunely-DemoTests */ = {
			isa = PBXNativeTarget;
			buildConfigurationList = 6EA1EEC91BD0B77D00E83778 /* Build configuration list for PBXNativeTarget "Tunely-DemoTests" */;
			buildPhases = (
				6EA1EEB91BD0B77D00E83778 /* Sources */,
				6EA1EEBA1BD0B77D00E83778 /* Frameworks */,
				6EA1EEBB1BD0B77D00E83778 /* Resources */,
			);
			buildRules = (
			);
			dependencies = (
				6EA1EEBF1BD0B77D00E83778 /* PBXTargetDependency */,
			);
			name = "Tunely-DemoTests";
			productName = "Tunely-DemoTests";
			productReference = 6EA1EEBD1BD0B77D00E83778 /* Tunely-DemoTests.xctest */;
			productType = "com.apple.product-type.bundle.unit-test";
		};
/* End PBXNativeTarget section */

/* Begin PBXProject section */
		6EA1EEA11BD0B77D00E83778 /* Project object */ = {
			isa = PBXProject;
			attributes = {
				LastSwiftUpdateCheck = 0700;
				LastUpgradeCheck = 0700;
				ORGANIZATIONNAME = "Tracy Nham";
				TargetAttributes = {
					6EA1EEA81BD0B77D00E83778 = {
						CreatedOnToolsVersion = 7.0.1;
						DevelopmentTeam = P3FMUJLH68;
					};
					6EA1EEBC1BD0B77D00E83778 = {
						CreatedOnToolsVersion = 7.0.1;
						DevelopmentTeam = P3FMUJLH68;
						TestTargetID = 6EA1EEA81BD0B77D00E83778;
					};
				};
			};
			buildConfigurationList = 6EA1EEA41BD0B77D00E83778 /* Build configuration list for PBXProject "Tunely-Demo" */;
			compatibilityVersion = "Xcode 3.2";
			developmentRegion = English;
			hasScannedForEncodings = 0;
			knownRegions = (
				en,
				Base,
			);
			mainGroup = 6EA1EEA01BD0B77D00E83778;
			productRefGroup = 6EA1EEAA1BD0B77D00E83778 /* Products */;
			projectDirPath = "";
			projectRoot = "";
			targets = (
				6EA1EEA81BD0B77D00E83778 /* Tunely-Demo */,
				6EA1EEBC1BD0B77D00E83778 /* Tunely-DemoTests */,
			);
		};
/* End PBXProject section */

/* Begin PBXResourcesBuildPhase section */
		6EA1EEA71BD0B77D00E83778 /* Resources */ = {
			isa = PBXResourcesBuildPhase;
			buildActionMask = 2147483647;
			files = (
				14F90BF41BF5255F00B0B374 /* SongSearchViewController.xib in Resources */,
				94738CA31BD2FD4A00161C9D /* SideBarTableViewController.xib in Resources */,
				94D157931BE86AFD0048BAF8 /* JoinViewController.xib in Resources */,
				6EA1EEB71BD0B77D00E83778 /* LaunchScreen.storyboard in Resources */,
				94D157971BE935C90048BAF8 /* StreamViewController.xib in Resources */,
				6EA1EEB41BD0B77D00E83778 /* Assets.xcassets in Resources */,
				94D1578F1BE851E10048BAF8 /* HostViewController.xib in Resources */,
				6EA1EEB21BD0B77D00E83778 /* Main.storyboard in Resources */,
			);
			runOnlyForDeploymentPostprocessing = 0;
		};
		6EA1EEBB1BD0B77D00E83778 /* Resources */ = {
			isa = PBXResourcesBuildPhase;
			buildActionMask = 2147483647;
			files = (
			);
			runOnlyForDeploymentPostprocessing = 0;
		};
/* End PBXResourcesBuildPhase section */

/* Begin PBXShellScriptBuildPhase section */
		A681DA5EFCA45E6B6C4FDB52 /* Embed Pods Frameworks */ = {
			isa = PBXShellScriptBuildPhase;
			buildActionMask = 2147483647;
			files = (
			);
			inputPaths = (
			);
			name = "Embed Pods Frameworks";
			outputPaths = (
			);
			runOnlyForDeploymentPostprocessing = 0;
			shellPath = /bin/sh;
			shellScript = "\"${SRCROOT}/Pods/Target Support Files/Pods-Tunely-Demo/Pods-Tunely-Demo-frameworks.sh\"\n";
			showEnvVarsInLog = 0;
		};
		F442D8590D0FB39977C4C1DA /* Check Pods Manifest.lock */ = {
			isa = PBXShellScriptBuildPhase;
			buildActionMask = 2147483647;
			files = (
			);
			inputPaths = (
			);
			name = "Check Pods Manifest.lock";
			outputPaths = (
			);
			runOnlyForDeploymentPostprocessing = 0;
			shellPath = /bin/sh;
			shellScript = "diff \"${PODS_ROOT}/../Podfile.lock\" \"${PODS_ROOT}/Manifest.lock\" > /dev/null\nif [[ $? != 0 ]] ; then\n    cat << EOM\nerror: The sandbox is not in sync with the Podfile.lock. Run 'pod install' or update your CocoaPods installation.\nEOM\n    exit 1\nfi\n";
			showEnvVarsInLog = 0;
		};
		F6C5D775C1C507B1F79CE6DC /* Copy Pods Resources */ = {
			isa = PBXShellScriptBuildPhase;
			buildActionMask = 2147483647;
			files = (
			);
			inputPaths = (
			);
			name = "Copy Pods Resources";
			outputPaths = (
			);
			runOnlyForDeploymentPostprocessing = 0;
			shellPath = /bin/sh;
			shellScript = "\"${SRCROOT}/Pods/Target Support Files/Pods-Tunely-Demo/Pods-Tunely-Demo-resources.sh\"\n";
			showEnvVarsInLog = 0;
		};
/* End PBXShellScriptBuildPhase section */

/* Begin PBXSourcesBuildPhase section */
		6EA1EEA51BD0B77D00E83778 /* Sources */ = {
			isa = PBXSourcesBuildPhase;
			buildActionMask = 2147483647;
			files = (
				94D1578E1BE851E10048BAF8 /* HostViewController.swift in Sources */,
				6EA1EEAF1BD0B77D00E83778 /* ViewController.swift in Sources */,
				94D157961BE935C90048BAF8 /* StreamViewController.swift in Sources */,
				14BDC8421BF51F140073F455 /* Song.swift in Sources */,
				94738CA21BD2FD4A00161C9D /* SideBarTableViewController.swift in Sources */,
				14F90BF51BF5255F00B0B374 /* SongSearchViewController.swift in Sources */,
				94D157921BE86AFD0048BAF8 /* JoinViewController.swift in Sources */,
				6EA1EEAD1BD0B77D00E83778 /* AppDelegate.swift in Sources */,
			);
			runOnlyForDeploymentPostprocessing = 0;
		};
		6EA1EEB91BD0B77D00E83778 /* Sources */ = {
			isa = PBXSourcesBuildPhase;
			buildActionMask = 2147483647;
			files = (
				6EA1EEC21BD0B77D00E83778 /* Tunely_DemoTests.swift in Sources */,
			);
			runOnlyForDeploymentPostprocessing = 0;
		};
/* End PBXSourcesBuildPhase section */

/* Begin PBXTargetDependency section */
		6EA1EEBF1BD0B77D00E83778 /* PBXTargetDependency */ = {
			isa = PBXTargetDependency;
			target = 6EA1EEA81BD0B77D00E83778 /* Tunely-Demo */;
			targetProxy = 6EA1EEBE1BD0B77D00E83778 /* PBXContainerItemProxy */;
		};
/* End PBXTargetDependency section */

/* Begin PBXVariantGroup section */
		6EA1EEB01BD0B77D00E83778 /* Main.storyboard */ = {
			isa = PBXVariantGroup;
			children = (
				6EA1EEB11BD0B77D00E83778 /* Base */,
			);
			name = Main.storyboard;
			sourceTree = "<group>";
		};
		6EA1EEB51BD0B77D00E83778 /* LaunchScreen.storyboard */ = {
			isa = PBXVariantGroup;
			children = (
				6EA1EEB61BD0B77D00E83778 /* Base */,
			);
			name = LaunchScreen.storyboard;
			sourceTree = "<group>";
		};
/* End PBXVariantGroup section */

/* Begin XCBuildConfiguration section */
		6EA1EEC41BD0B77D00E83778 /* Debug */ = {
			isa = XCBuildConfiguration;
			buildSettings = {
				ALWAYS_SEARCH_USER_PATHS = NO;
				CLANG_CXX_LANGUAGE_STANDARD = "gnu++0x";
				CLANG_CXX_LIBRARY = "libc++";
				CLANG_ENABLE_MODULES = YES;
				CLANG_ENABLE_OBJC_ARC = YES;
				CLANG_WARN_BOOL_CONVERSION = YES;
				CLANG_WARN_CONSTANT_CONVERSION = YES;
				CLANG_WARN_DIRECT_OBJC_ISA_USAGE = YES_ERROR;
				CLANG_WARN_EMPTY_BODY = YES;
				CLANG_WARN_ENUM_CONVERSION = YES;
				CLANG_WARN_INT_CONVERSION = YES;
				CLANG_WARN_OBJC_ROOT_CLASS = YES_ERROR;
				CLANG_WARN_UNREACHABLE_CODE = YES;
				CLANG_WARN__DUPLICATE_METHOD_MATCH = YES;
				"CODE_SIGN_IDENTITY[sdk=iphoneos*]" = "iPhone Developer";
				COPY_PHASE_STRIP = NO;
				DEBUG_INFORMATION_FORMAT = dwarf;
				ENABLE_STRICT_OBJC_MSGSEND = YES;
				ENABLE_TESTABILITY = YES;
				GCC_C_LANGUAGE_STANDARD = gnu99;
				GCC_DYNAMIC_NO_PIC = NO;
				GCC_NO_COMMON_BLOCKS = YES;
				GCC_OPTIMIZATION_LEVEL = 0;
				GCC_PREPROCESSOR_DEFINITIONS = (
					"DEBUG=1",
					"$(inherited)",
				);
				GCC_WARN_64_TO_32_BIT_CONVERSION = YES;
				GCC_WARN_ABOUT_RETURN_TYPE = YES_ERROR;
				GCC_WARN_UNDECLARED_SELECTOR = YES;
				GCC_WARN_UNINITIALIZED_AUTOS = YES_AGGRESSIVE;
				GCC_WARN_UNUSED_FUNCTION = YES;
				GCC_WARN_UNUSED_VARIABLE = YES;
				IPHONEOS_DEPLOYMENT_TARGET = 9.0;
				MTL_ENABLE_DEBUG_INFO = YES;
				ONLY_ACTIVE_ARCH = YES;
				SDKROOT = iphoneos;
				SWIFT_OPTIMIZATION_LEVEL = "-Onone";
				TARGETED_DEVICE_FAMILY = "1,2";
			};
			name = Debug;
		};
		6EA1EEC51BD0B77D00E83778 /* Release */ = {
			isa = XCBuildConfiguration;
			buildSettings = {
				ALWAYS_SEARCH_USER_PATHS = NO;
				CLANG_CXX_LANGUAGE_STANDARD = "gnu++0x";
				CLANG_CXX_LIBRARY = "libc++";
				CLANG_ENABLE_MODULES = YES;
				CLANG_ENABLE_OBJC_ARC = YES;
				CLANG_WARN_BOOL_CONVERSION = YES;
				CLANG_WARN_CONSTANT_CONVERSION = YES;
				CLANG_WARN_DIRECT_OBJC_ISA_USAGE = YES_ERROR;
				CLANG_WARN_EMPTY_BODY = YES;
				CLANG_WARN_ENUM_CONVERSION = YES;
				CLANG_WARN_INT_CONVERSION = YES;
				CLANG_WARN_OBJC_ROOT_CLASS = YES_ERROR;
				CLANG_WARN_UNREACHABLE_CODE = YES;
				CLANG_WARN__DUPLICATE_METHOD_MATCH = YES;
				"CODE_SIGN_IDENTITY[sdk=iphoneos*]" = "iPhone Developer";
				COPY_PHASE_STRIP = NO;
				DEBUG_INFORMATION_FORMAT = "dwarf-with-dsym";
				ENABLE_NS_ASSERTIONS = NO;
				ENABLE_STRICT_OBJC_MSGSEND = YES;
				GCC_C_LANGUAGE_STANDARD = gnu99;
				GCC_NO_COMMON_BLOCKS = YES;
				GCC_WARN_64_TO_32_BIT_CONVERSION = YES;
				GCC_WARN_ABOUT_RETURN_TYPE = YES_ERROR;
				GCC_WARN_UNDECLARED_SELECTOR = YES;
				GCC_WARN_UNINITIALIZED_AUTOS = YES_AGGRESSIVE;
				GCC_WARN_UNUSED_FUNCTION = YES;
				GCC_WARN_UNUSED_VARIABLE = YES;
				IPHONEOS_DEPLOYMENT_TARGET = 9.0;
				MTL_ENABLE_DEBUG_INFO = NO;
				SDKROOT = iphoneos;
				TARGETED_DEVICE_FAMILY = "1,2";
				VALIDATE_PRODUCT = YES;
			};
			name = Release;
		};
		6EA1EEC71BD0B77D00E83778 /* Debug */ = {
			isa = XCBuildConfiguration;
			baseConfigurationReference = 0979AB6C2E20C9EFC1A8FB07 /* Pods.debug.xcconfig */;
			buildSettings = {
				ASSETCATALOG_COMPILER_APPICON_NAME = AppIcon;
				CLANG_ENABLE_MODULES = YES;
				FRAMEWORK_SEARCH_PATHS = (
					"$(inherited)",
					"$(PROJECT_DIR)",
				);
				INFOPLIST_FILE = "Tunely-Demo/Info.plist";
				LD_RUNPATH_SEARCH_PATHS = "$(inherited) @executable_path/Frameworks";
				OTHER_LDFLAGS = (
					"$(inherited)",
					"-framework",
					"\"Alamofire\"",
					"-framework",
					"\"CocoaLumberjack\"",
					"-framework",
					"\"PubNub\"",
					"-ObjC",
				);
				PRODUCT_BUNDLE_IDENTIFIER = "com.example.Tunely-Demo";
				PRODUCT_NAME = "$(TARGET_NAME)";
				SWIFT_OBJC_BRIDGING_HEADER = "Tunely-Demo/Tunely-Demo-Bridging-Header.h";
				SWIFT_OPTIMIZATION_LEVEL = "-Onone";
			};
			name = Debug;
		};
		6EA1EEC81BD0B77D00E83778 /* Release */ = {
			isa = XCBuildConfiguration;
			baseConfigurationReference = 967705211503F9E1EEE7A0F8 /* Pods.release.xcconfig */;
			buildSettings = {
				ASSETCATALOG_COMPILER_APPICON_NAME = AppIcon;
				CLANG_ENABLE_MODULES = YES;
				FRAMEWORK_SEARCH_PATHS = (
					"$(inherited)",
					"$(PROJECT_DIR)",
				);
				INFOPLIST_FILE = "Tunely-Demo/Info.plist";
				LD_RUNPATH_SEARCH_PATHS = "$(inherited) @executable_path/Frameworks";
				OTHER_LDFLAGS = (
					"$(inherited)",
					"-framework",
					"\"Alamofire\"",
					"-framework",
					"\"CocoaLumberjack\"",
					"-framework",
					"\"PubNub\"",
					"-ObjC",
				);
				PRODUCT_BUNDLE_IDENTIFIER = "com.example.Tunely-Demo";
				PRODUCT_NAME = "$(TARGET_NAME)";
				SWIFT_OBJC_BRIDGING_HEADER = "Tunely-Demo/Tunely-Demo-Bridging-Header.h";
			};
			name = Release;
		};
		6EA1EECA1BD0B77D00E83778 /* Debug */ = {
			isa = XCBuildConfiguration;
			buildSettings = {
				BUNDLE_LOADER = "$(TEST_HOST)";
				INFOPLIST_FILE = "Tunely-DemoTests/Info.plist";
				LD_RUNPATH_SEARCH_PATHS = "$(inherited) @executable_path/Frameworks @loader_path/Frameworks";
				PRODUCT_BUNDLE_IDENTIFIER = "com.example.Tunely-DemoTests";
				PRODUCT_NAME = "$(TARGET_NAME)";
				TEST_HOST = "$(BUILT_PRODUCTS_DIR)/Tunely-Demo.app/Tunely-Demo";
			};
			name = Debug;
		};
		6EA1EECB1BD0B77D00E83778 /* Release */ = {
			isa = XCBuildConfiguration;
			buildSettings = {
				BUNDLE_LOADER = "$(TEST_HOST)";
				INFOPLIST_FILE = "Tunely-DemoTests/Info.plist";
				LD_RUNPATH_SEARCH_PATHS = "$(inherited) @executable_path/Frameworks @loader_path/Frameworks";
				PRODUCT_BUNDLE_IDENTIFIER = "com.example.Tunely-DemoTests";
				PRODUCT_NAME = "$(TARGET_NAME)";
				TEST_HOST = "$(BUILT_PRODUCTS_DIR)/Tunely-Demo.app/Tunely-Demo";
			};
			name = Release;
		};
/* End XCBuildConfiguration section */

/* Begin XCConfigurationList section */
		6EA1EEA41BD0B77D00E83778 /* Build configuration list for PBXProject "Tunely-Demo" */ = {
			isa = XCConfigurationList;
			buildConfigurations = (
				6EA1EEC41BD0B77D00E83778 /* Debug */,
				6EA1EEC51BD0B77D00E83778 /* Release */,
			);
			defaultConfigurationIsVisible = 0;
			defaultConfigurationName = Release;
		};
		6EA1EEC61BD0B77D00E83778 /* Build configuration list for PBXNativeTarget "Tunely-Demo" */ = {
			isa = XCConfigurationList;
			buildConfigurations = (
				6EA1EEC71BD0B77D00E83778 /* Debug */,
				6EA1EEC81BD0B77D00E83778 /* Release */,
			);
			defaultConfigurationIsVisible = 0;
			defaultConfigurationName = Release;
		};
		6EA1EEC91BD0B77D00E83778 /* Build configuration list for PBXNativeTarget "Tunely-DemoTests" */ = {
			isa = XCConfigurationList;
			buildConfigurations = (
				6EA1EECA1BD0B77D00E83778 /* Debug */,
				6EA1EECB1BD0B77D00E83778 /* Release */,
			);
			defaultConfigurationIsVisible = 0;
			defaultConfigurationName = Release;
		};
/* End XCConfigurationList section */
	};
	rootObject = 6EA1EEA11BD0B77D00E83778 /* Project object */;
}
